// !$*UTF8*$!
{
	archiveVersion = 1;
	classes = {
	};
	objectVersion = 56;
	objects = {

/* Begin PBXBuildFile section */
		073B7A3129A4B2110014B517 /* Movie.swift in Sources */ = {isa = PBXBuildFile; fileRef = 073B7A3029A4B2110014B517 /* Movie.swift */; };
		073B7A3329A4B2B60014B517 /* Cast.swift in Sources */ = {isa = PBXBuildFile; fileRef = 073B7A3229A4B2B60014B517 /* Cast.swift */; };
		073B7A3A29A4BBC70014B517 /* Configs.swift in Sources */ = {isa = PBXBuildFile; fileRef = 073B7A3929A4BBC70014B517 /* Configs.swift */; };
		073B7A3F29A4C32D0014B517 /* ApiService.swift in Sources */ = {isa = PBXBuildFile; fileRef = 073B7A3E29A4C32D0014B517 /* ApiService.swift */; };
		0767F5A429A8547F001E4315 /* MostPopularCell.swift in Sources */ = {isa = PBXBuildFile; fileRef = 0767F5A329A8547F001E4315 /* MostPopularCell.swift */; };
		07AE50AA29A74053001DF830 /* GenresView.swift in Sources */ = {isa = PBXBuildFile; fileRef = 07AE50A929A74053001DF830 /* GenresView.swift */; };
		07AE50AD29A74B0A001DF830 /* TVseriesView.swift in Sources */ = {isa = PBXBuildFile; fileRef = 07AE50AC29A74B0A001DF830 /* TVseriesView.swift */; };
		07AE50AF29A74B76001DF830 /* MoviesView.swift in Sources */ = {isa = PBXBuildFile; fileRef = 07AE50AE29A74B76001DF830 /* MoviesView.swift */; };
		07AE50B129A74BE6001DF830 /* InTheatreView.swift in Sources */ = {isa = PBXBuildFile; fileRef = 07AE50B029A74BE6001DF830 /* InTheatreView.swift */; };
		07D5490629AF26A500BC9A98 /* DetailViewController.swift in Sources */ = {isa = PBXBuildFile; fileRef = 07D5490529AF26A500BC9A98 /* DetailViewController.swift */; };
		07D5490929AF659600BC9A98 /* DetailBottomSheetViewController.swift in Sources */ = {isa = PBXBuildFile; fileRef = 07D5490829AF659600BC9A98 /* DetailBottomSheetViewController.swift */; };
		07DE46A929A3BC3600E73E7F /* AppDelegate.swift in Sources */ = {isa = PBXBuildFile; fileRef = 07DE46A829A3BC3600E73E7F /* AppDelegate.swift */; };
		07DE46AB29A3BC3600E73E7F /* SceneDelegate.swift in Sources */ = {isa = PBXBuildFile; fileRef = 07DE46AA29A3BC3600E73E7F /* SceneDelegate.swift */; };
		07DE46AD29A3BC3600E73E7F /* ViewController.swift in Sources */ = {isa = PBXBuildFile; fileRef = 07DE46AC29A3BC3600E73E7F /* ViewController.swift */; };
		07DE46B029A3BC3600E73E7F /* Main.storyboard in Resources */ = {isa = PBXBuildFile; fileRef = 07DE46AE29A3BC3600E73E7F /* Main.storyboard */; };
		07DE46B229A3BC3700E73E7F /* Assets.xcassets in Resources */ = {isa = PBXBuildFile; fileRef = 07DE46B129A3BC3700E73E7F /* Assets.xcassets */; };
		07DE46B529A3BC3700E73E7F /* LaunchScreen.storyboard in Resources */ = {isa = PBXBuildFile; fileRef = 07DE46B329A3BC3700E73E7F /* LaunchScreen.storyboard */; };
		07DE46C029A3BC3800E73E7F /* movie_appTests.swift in Sources */ = {isa = PBXBuildFile; fileRef = 07DE46BF29A3BC3800E73E7F /* movie_appTests.swift */; };
		07DE46CA29A3BC3800E73E7F /* movie_appUITests.swift in Sources */ = {isa = PBXBuildFile; fileRef = 07DE46C929A3BC3800E73E7F /* movie_appUITests.swift */; };
		07DE46CC29A3BC3800E73E7F /* movie_appUITestsLaunchTests.swift in Sources */ = {isa = PBXBuildFile; fileRef = 07DE46CB29A3BC3800E73E7F /* movie_appUITestsLaunchTests.swift */; };
		07DF6EC829AC6B43002E152A /* UpcomingCell.swift in Sources */ = {isa = PBXBuildFile; fileRef = 07DF6EC729AC6B43002E152A /* UpcomingCell.swift */; };
/* End PBXBuildFile section */

/* Begin PBXContainerItemProxy section */
		07DE46BC29A3BC3800E73E7F /* PBXContainerItemProxy */ = {
			isa = PBXContainerItemProxy;
			containerPortal = 07DE469D29A3BC3600E73E7F /* Project object */;
			proxyType = 1;
			remoteGlobalIDString = 07DE46A429A3BC3600E73E7F;
			remoteInfo = "movie-app";
		};
		07DE46C629A3BC3800E73E7F /* PBXContainerItemProxy */ = {
			isa = PBXContainerItemProxy;
			containerPortal = 07DE469D29A3BC3600E73E7F /* Project object */;
			proxyType = 1;
			remoteGlobalIDString = 07DE46A429A3BC3600E73E7F;
			remoteInfo = "movie-app";
		};
/* End PBXContainerItemProxy section */

/* Begin PBXFileReference section */
		073B7A3029A4B2110014B517 /* Movie.swift */ = {isa = PBXFileReference; lastKnownFileType = sourcecode.swift; name = Movie.swift; path = "movie-app/Movie.swift"; sourceTree = SOURCE_ROOT; };
		073B7A3229A4B2B60014B517 /* Cast.swift */ = {isa = PBXFileReference; lastKnownFileType = sourcecode.swift; name = Cast.swift; path = "movie-app/Cast.swift"; sourceTree = SOURCE_ROOT; };
		073B7A3929A4BBC70014B517 /* Configs.swift */ = {isa = PBXFileReference; lastKnownFileType = sourcecode.swift; path = Configs.swift; sourceTree = "<group>"; };
		073B7A3E29A4C32D0014B517 /* ApiService.swift */ = {isa = PBXFileReference; lastKnownFileType = sourcecode.swift; path = ApiService.swift; sourceTree = "<group>"; };
		0767F5A329A8547F001E4315 /* MostPopularCell.swift */ = {isa = PBXFileReference; lastKnownFileType = sourcecode.swift; path = MostPopularCell.swift; sourceTree = "<group>"; };
		07AE50A929A74053001DF830 /* GenresView.swift */ = {isa = PBXFileReference; lastKnownFileType = sourcecode.swift; path = GenresView.swift; sourceTree = "<group>"; };
		07AE50AC29A74B0A001DF830 /* TVseriesView.swift */ = {isa = PBXFileReference; lastKnownFileType = sourcecode.swift; path = TVseriesView.swift; sourceTree = "<group>"; };
		07AE50AE29A74B76001DF830 /* MoviesView.swift */ = {isa = PBXFileReference; lastKnownFileType = sourcecode.swift; path = MoviesView.swift; sourceTree = "<group>"; };
		07AE50B029A74BE6001DF830 /* InTheatreView.swift */ = {isa = PBXFileReference; lastKnownFileType = sourcecode.swift; path = InTheatreView.swift; sourceTree = "<group>"; };
		07D5490529AF26A500BC9A98 /* DetailViewController.swift */ = {isa = PBXFileReference; lastKnownFileType = sourcecode.swift; path = DetailViewController.swift; sourceTree = "<group>"; };
		07D5490829AF659600BC9A98 /* DetailBottomSheetViewController.swift */ = {isa = PBXFileReference; lastKnownFileType = sourcecode.swift; path = DetailBottomSheetViewController.swift; sourceTree = "<group>"; };
		07DE46A529A3BC3600E73E7F /* movie-app.app */ = {isa = PBXFileReference; explicitFileType = wrapper.application; includeInIndex = 0; path = "movie-app.app"; sourceTree = BUILT_PRODUCTS_DIR; };
		07DE46A829A3BC3600E73E7F /* AppDelegate.swift */ = {isa = PBXFileReference; lastKnownFileType = sourcecode.swift; path = AppDelegate.swift; sourceTree = "<group>"; };
		07DE46AA29A3BC3600E73E7F /* SceneDelegate.swift */ = {isa = PBXFileReference; lastKnownFileType = sourcecode.swift; path = SceneDelegate.swift; sourceTree = "<group>"; };
		07DE46AC29A3BC3600E73E7F /* ViewController.swift */ = {isa = PBXFileReference; lastKnownFileType = sourcecode.swift; path = ViewController.swift; sourceTree = "<group>"; };
		07DE46AF29A3BC3600E73E7F /* Base */ = {isa = PBXFileReference; lastKnownFileType = file.storyboard; name = Base; path = Base.lproj/Main.storyboard; sourceTree = "<group>"; };
		07DE46B129A3BC3700E73E7F /* Assets.xcassets */ = {isa = PBXFileReference; lastKnownFileType = folder.assetcatalog; path = Assets.xcassets; sourceTree = "<group>"; };
		07DE46B429A3BC3700E73E7F /* Base */ = {isa = PBXFileReference; lastKnownFileType = file.storyboard; name = Base; path = Base.lproj/LaunchScreen.storyboard; sourceTree = "<group>"; };
		07DE46B629A3BC3700E73E7F /* Info.plist */ = {isa = PBXFileReference; lastKnownFileType = text.plist.xml; path = Info.plist; sourceTree = "<group>"; };
		07DE46BB29A3BC3800E73E7F /* movie-appTests.xctest */ = {isa = PBXFileReference; explicitFileType = wrapper.cfbundle; includeInIndex = 0; path = "movie-appTests.xctest"; sourceTree = BUILT_PRODUCTS_DIR; };
		07DE46BF29A3BC3800E73E7F /* movie_appTests.swift */ = {isa = PBXFileReference; lastKnownFileType = sourcecode.swift; path = movie_appTests.swift; sourceTree = "<group>"; };
		07DE46C529A3BC3800E73E7F /* movie-appUITests.xctest */ = {isa = PBXFileReference; explicitFileType = wrapper.cfbundle; includeInIndex = 0; path = "movie-appUITests.xctest"; sourceTree = BUILT_PRODUCTS_DIR; };
		07DE46C929A3BC3800E73E7F /* movie_appUITests.swift */ = {isa = PBXFileReference; lastKnownFileType = sourcecode.swift; path = movie_appUITests.swift; sourceTree = "<group>"; };
		07DE46CB29A3BC3800E73E7F /* movie_appUITestsLaunchTests.swift */ = {isa = PBXFileReference; lastKnownFileType = sourcecode.swift; path = movie_appUITestsLaunchTests.swift; sourceTree = "<group>"; };
		07DF6EC729AC6B43002E152A /* UpcomingCell.swift */ = {isa = PBXFileReference; lastKnownFileType = sourcecode.swift; path = UpcomingCell.swift; sourceTree = "<group>"; };
/* End PBXFileReference section */

/* Begin PBXFrameworksBuildPhase section */
		07DE46A229A3BC3600E73E7F /* Frameworks */ = {
			isa = PBXFrameworksBuildPhase;
			buildActionMask = 2147483647;
			files = (
			);
			runOnlyForDeploymentPostprocessing = 0;
		};
		07DE46B829A3BC3800E73E7F /* Frameworks */ = {
			isa = PBXFrameworksBuildPhase;
			buildActionMask = 2147483647;
			files = (
			);
			runOnlyForDeploymentPostprocessing = 0;
		};
		07DE46C229A3BC3800E73E7F /* Frameworks */ = {
			isa = PBXFrameworksBuildPhase;
			buildActionMask = 2147483647;
			files = (
			);
			runOnlyForDeploymentPostprocessing = 0;
		};
/* End PBXFrameworksBuildPhase section */

/* Begin PBXGroup section */
		073B7A2D29A4B1AD0014B517 /* Model */ = {
			isa = PBXGroup;
			children = (
				073B7A3029A4B2110014B517 /* Movie.swift */,
				073B7A3229A4B2B60014B517 /* Cast.swift */,
			);
			path = Model;
			sourceTree = "<group>";
		};
		073B7A3629A4BB620014B517 /* Networking */ = {
			isa = PBXGroup;
			children = (
				073B7A3E29A4C32D0014B517 /* ApiService.swift */,
			);
			path = Networking;
			sourceTree = "<group>";
		};
		073B7A3829A4BB960014B517 /* Configs */ = {
			isa = PBXGroup;
			children = (
				073B7A3929A4BBC70014B517 /* Configs.swift */,
			);
			path = Configs;
			sourceTree = "<group>";
		};
		0740092729A5B1DF000A3F1C /* UI */ = {
			isa = PBXGroup;
			children = (
				0740092829A5B1EF000A3F1C /* Screens */,
			);
			path = UI;
			sourceTree = "<group>";
		};
		0740092829A5B1EF000A3F1C /* Screens */ = {
			isa = PBXGroup;
			children = (
				07D5490729AF657C00BC9A98 /* Detail */,
				0740092B29A5B2B6000A3F1C /* Home */,
			);
			path = Screens;
			sourceTree = "<group>";
		};
		0740092B29A5B2B6000A3F1C /* Home */ = {
			isa = PBXGroup;
			children = (
				07DE46AC29A3BC3600E73E7F /* ViewController.swift */,
				07A0245829ABDC3C001A7FE1 /* MostPopular */,
				07AE50AB29A7461E001DF830 /* CustomItemsView */,
			);
			path = Home;
			sourceTree = "<group>";
		};
		0740092C29A5B2C2000A3F1C /* CustomViewCell */ = {
			isa = PBXGroup;
			children = (
				0767F5A329A8547F001E4315 /* MostPopularCell.swift */,
				07DF6EC729AC6B43002E152A /* UpcomingCell.swift */,
			);
			path = CustomViewCell;
			sourceTree = "<group>";
		};
		07A0245829ABDC3C001A7FE1 /* MostPopular */ = {
			isa = PBXGroup;
			children = (
				0740092C29A5B2C2000A3F1C /* CustomViewCell */,
			);
			path = MostPopular;
			sourceTree = "<group>";
		};
		07AE50AB29A7461E001DF830 /* CustomItemsView */ = {
			isa = PBXGroup;
			children = (
				07AE50A929A74053001DF830 /* GenresView.swift */,
				07AE50AC29A74B0A001DF830 /* TVseriesView.swift */,
				07AE50AE29A74B76001DF830 /* MoviesView.swift */,
				07AE50B029A74BE6001DF830 /* InTheatreView.swift */,
			);
			path = CustomItemsView;
			sourceTree = "<group>";
		};
		07D5490729AF657C00BC9A98 /* Detail */ = {
			isa = PBXGroup;
			children = (
				07D5490529AF26A500BC9A98 /* DetailViewController.swift */,
				07D5490829AF659600BC9A98 /* DetailBottomSheetViewController.swift */,
			);
			path = Detail;
			sourceTree = "<group>";
		};
		07DE469C29A3BC3600E73E7F = {
			isa = PBXGroup;
			children = (
				07DE46A729A3BC3600E73E7F /* movie-app */,
				07DE46BE29A3BC3800E73E7F /* movie-appTests */,
				07DE46C829A3BC3800E73E7F /* movie-appUITests */,
				07DE46A629A3BC3600E73E7F /* Products */,
			);
			sourceTree = "<group>";
		};
		07DE46A629A3BC3600E73E7F /* Products */ = {
			isa = PBXGroup;
			children = (
				07DE46A529A3BC3600E73E7F /* movie-app.app */,
				07DE46BB29A3BC3800E73E7F /* movie-appTests.xctest */,
				07DE46C529A3BC3800E73E7F /* movie-appUITests.xctest */,
			);
			name = Products;
			sourceTree = "<group>";
		};
		07DE46A729A3BC3600E73E7F /* movie-app */ = {
			isa = PBXGroup;
			children = (
				0740092729A5B1DF000A3F1C /* UI */,
				073B7A3829A4BB960014B517 /* Configs */,
				073B7A3629A4BB620014B517 /* Networking */,
				073B7A2D29A4B1AD0014B517 /* Model */,
				07DE46A829A3BC3600E73E7F /* AppDelegate.swift */,
				07DE46AA29A3BC3600E73E7F /* SceneDelegate.swift */,
				07DE46AE29A3BC3600E73E7F /* Main.storyboard */,
				07DE46B129A3BC3700E73E7F /* Assets.xcassets */,
				07DE46B329A3BC3700E73E7F /* LaunchScreen.storyboard */,
				07DE46B629A3BC3700E73E7F /* Info.plist */,
			);
			path = "movie-app";
			sourceTree = "<group>";
		};
		07DE46BE29A3BC3800E73E7F /* movie-appTests */ = {
			isa = PBXGroup;
			children = (
				07DE46BF29A3BC3800E73E7F /* movie_appTests.swift */,
			);
			path = "movie-appTests";
			sourceTree = "<group>";
		};
		07DE46C829A3BC3800E73E7F /* movie-appUITests */ = {
			isa = PBXGroup;
			children = (
				07DE46C929A3BC3800E73E7F /* movie_appUITests.swift */,
				07DE46CB29A3BC3800E73E7F /* movie_appUITestsLaunchTests.swift */,
			);
			path = "movie-appUITests";
			sourceTree = "<group>";
		};
/* End PBXGroup section */

/* Begin PBXNativeTarget section */
		07DE46A429A3BC3600E73E7F /* movie-app */ = {
			isa = PBXNativeTarget;
			buildConfigurationList = 07DE46CF29A3BC3800E73E7F /* Build configuration list for PBXNativeTarget "movie-app" */;
			buildPhases = (
				07DE46A129A3BC3600E73E7F /* Sources */,
				07DE46A229A3BC3600E73E7F /* Frameworks */,
				07DE46A329A3BC3600E73E7F /* Resources */,
			);
			buildRules = (
			);
			dependencies = (
			);
			name = "movie-app";
			productName = "movie-app";
			productReference = 07DE46A529A3BC3600E73E7F /* movie-app.app */;
			productType = "com.apple.product-type.application";
		};
		07DE46BA29A3BC3800E73E7F /* movie-appTests */ = {
			isa = PBXNativeTarget;
			buildConfigurationList = 07DE46D229A3BC3800E73E7F /* Build configuration list for PBXNativeTarget "movie-appTests" */;
			buildPhases = (
				07DE46B729A3BC3800E73E7F /* Sources */,
				07DE46B829A3BC3800E73E7F /* Frameworks */,
				07DE46B929A3BC3800E73E7F /* Resources */,
			);
			buildRules = (
			);
			dependencies = (
				07DE46BD29A3BC3800E73E7F /* PBXTargetDependency */,
			);
			name = "movie-appTests";
			productName = "movie-appTests";
			productReference = 07DE46BB29A3BC3800E73E7F /* movie-appTests.xctest */;
			productType = "com.apple.product-type.bundle.unit-test";
		};
		07DE46C429A3BC3800E73E7F /* movie-appUITests */ = {
			isa = PBXNativeTarget;
			buildConfigurationList = 07DE46D529A3BC3800E73E7F /* Build configuration list for PBXNativeTarget "movie-appUITests" */;
			buildPhases = (
				07DE46C129A3BC3800E73E7F /* Sources */,
				07DE46C229A3BC3800E73E7F /* Frameworks */,
				07DE46C329A3BC3800E73E7F /* Resources */,
			);
			buildRules = (
			);
			dependencies = (
				07DE46C729A3BC3800E73E7F /* PBXTargetDependency */,
			);
			name = "movie-appUITests";
			productName = "movie-appUITests";
			productReference = 07DE46C529A3BC3800E73E7F /* movie-appUITests.xctest */;
			productType = "com.apple.product-type.bundle.ui-testing";
		};
/* End PBXNativeTarget section */

/* Begin PBXProject section */
		07DE469D29A3BC3600E73E7F /* Project object */ = {
			isa = PBXProject;
			attributes = {
				BuildIndependentTargetsInParallel = 1;
				LastSwiftUpdateCheck = 1420;
				LastUpgradeCheck = 1420;
				TargetAttributes = {
					07DE46A429A3BC3600E73E7F = {
						CreatedOnToolsVersion = 14.2;
					};
					07DE46BA29A3BC3800E73E7F = {
						CreatedOnToolsVersion = 14.2;
						TestTargetID = 07DE46A429A3BC3600E73E7F;
					};
					07DE46C429A3BC3800E73E7F = {
						CreatedOnToolsVersion = 14.2;
						TestTargetID = 07DE46A429A3BC3600E73E7F;
					};
				};
			};
			buildConfigurationList = 07DE46A029A3BC3600E73E7F /* Build configuration list for PBXProject "movie-app" */;
			compatibilityVersion = "Xcode 14.0";
			developmentRegion = en;
			hasScannedForEncodings = 0;
			knownRegions = (
				en,
				Base,
			);
			mainGroup = 07DE469C29A3BC3600E73E7F;
			productRefGroup = 07DE46A629A3BC3600E73E7F /* Products */;
			projectDirPath = "";
			projectRoot = "";
			targets = (
				07DE46A429A3BC3600E73E7F /* movie-app */,
				07DE46BA29A3BC3800E73E7F /* movie-appTests */,
				07DE46C429A3BC3800E73E7F /* movie-appUITests */,
			);
		};
/* End PBXProject section */

/* Begin PBXResourcesBuildPhase section */
		07DE46A329A3BC3600E73E7F /* Resources */ = {
			isa = PBXResourcesBuildPhase;
			buildActionMask = 2147483647;
			files = (
				07DE46B529A3BC3700E73E7F /* LaunchScreen.storyboard in Resources */,
				07DE46B229A3BC3700E73E7F /* Assets.xcassets in Resources */,
				07DE46B029A3BC3600E73E7F /* Main.storyboard in Resources */,
			);
			runOnlyForDeploymentPostprocessing = 0;
		};
		07DE46B929A3BC3800E73E7F /* Resources */ = {
			isa = PBXResourcesBuildPhase;
			buildActionMask = 2147483647;
			files = (
			);
			runOnlyForDeploymentPostprocessing = 0;
		};
		07DE46C329A3BC3800E73E7F /* Resources */ = {
			isa = PBXResourcesBuildPhase;
			buildActionMask = 2147483647;
			files = (
			);
			runOnlyForDeploymentPostprocessing = 0;
		};
/* End PBXResourcesBuildPhase section */

/* Begin PBXSourcesBuildPhase section */
		07DE46A129A3BC3600E73E7F /* Sources */ = {
			isa = PBXSourcesBuildPhase;
			buildActionMask = 2147483647;
			files = (
				073B7A3329A4B2B60014B517 /* Cast.swift in Sources */,
				07DE46AD29A3BC3600E73E7F /* ViewController.swift in Sources */,
				07AE50AF29A74B76001DF830 /* MoviesView.swift in Sources */,
				073B7A3129A4B2110014B517 /* Movie.swift in Sources */,
				07AE50AA29A74053001DF830 /* GenresView.swift in Sources */,
				07AE50B129A74BE6001DF830 /* InTheatreView.swift in Sources */,
				07DE46A929A3BC3600E73E7F /* AppDelegate.swift in Sources */,
				07DF6EC829AC6B43002E152A /* UpcomingCell.swift in Sources */,
				07D5490929AF659600BC9A98 /* DetailBottomSheetViewController.swift in Sources */,
				07DE46AB29A3BC3600E73E7F /* SceneDelegate.swift in Sources */,
				073B7A3F29A4C32D0014B517 /* ApiService.swift in Sources */,
				07AE50AD29A74B0A001DF830 /* TVseriesView.swift in Sources */,
				0767F5A429A8547F001E4315 /* MostPopularCell.swift in Sources */,
				07D5490629AF26A500BC9A98 /* DetailViewController.swift in Sources */,
				073B7A3A29A4BBC70014B517 /* Configs.swift in Sources */,
			);
			runOnlyForDeploymentPostprocessing = 0;
		};
		07DE46B729A3BC3800E73E7F /* Sources */ = {
			isa = PBXSourcesBuildPhase;
			buildActionMask = 2147483647;
			files = (
				07DE46C029A3BC3800E73E7F /* movie_appTests.swift in Sources */,
			);
			runOnlyForDeploymentPostprocessing = 0;
		};
		07DE46C129A3BC3800E73E7F /* Sources */ = {
			isa = PBXSourcesBuildPhase;
			buildActionMask = 2147483647;
			files = (
				07DE46CA29A3BC3800E73E7F /* movie_appUITests.swift in Sources */,
				07DE46CC29A3BC3800E73E7F /* movie_appUITestsLaunchTests.swift in Sources */,
			);
			runOnlyForDeploymentPostprocessing = 0;
		};
/* End PBXSourcesBuildPhase section */

/* Begin PBXTargetDependency section */
		07DE46BD29A3BC3800E73E7F /* PBXTargetDependency */ = {
			isa = PBXTargetDependency;
			target = 07DE46A429A3BC3600E73E7F /* movie-app */;
			targetProxy = 07DE46BC29A3BC3800E73E7F /* PBXContainerItemProxy */;
		};
		07DE46C729A3BC3800E73E7F /* PBXTargetDependency */ = {
			isa = PBXTargetDependency;
			target = 07DE46A429A3BC3600E73E7F /* movie-app */;
			targetProxy = 07DE46C629A3BC3800E73E7F /* PBXContainerItemProxy */;
		};
/* End PBXTargetDependency section */

/* Begin PBXVariantGroup section */
		07DE46AE29A3BC3600E73E7F /* Main.storyboard */ = {
			isa = PBXVariantGroup;
			children = (
				07DE46AF29A3BC3600E73E7F /* Base */,
			);
			name = Main.storyboard;
			sourceTree = "<group>";
		};
		07DE46B329A3BC3700E73E7F /* LaunchScreen.storyboard */ = {
			isa = PBXVariantGroup;
			children = (
				07DE46B429A3BC3700E73E7F /* Base */,
			);
			name = LaunchScreen.storyboard;
			sourceTree = "<group>";
		};
/* End PBXVariantGroup section */

/* Begin XCBuildConfiguration section */
		07DE46CD29A3BC3800E73E7F /* Debug */ = {
			isa = XCBuildConfiguration;
			buildSettings = {
				ALWAYS_SEARCH_USER_PATHS = NO;
				CLANG_ANALYZER_NONNULL = YES;
				CLANG_ANALYZER_NUMBER_OBJECT_CONVERSION = YES_AGGRESSIVE;
				CLANG_CXX_LANGUAGE_STANDARD = "gnu++20";
				CLANG_ENABLE_MODULES = YES;
				CLANG_ENABLE_OBJC_ARC = YES;
				CLANG_ENABLE_OBJC_WEAK = YES;
				CLANG_WARN_BLOCK_CAPTURE_AUTORELEASING = YES;
				CLANG_WARN_BOOL_CONVERSION = YES;
				CLANG_WARN_COMMA = YES;
				CLANG_WARN_CONSTANT_CONVERSION = YES;
				CLANG_WARN_DEPRECATED_OBJC_IMPLEMENTATIONS = YES;
				CLANG_WARN_DIRECT_OBJC_ISA_USAGE = YES_ERROR;
				CLANG_WARN_DOCUMENTATION_COMMENTS = YES;
				CLANG_WARN_EMPTY_BODY = YES;
				CLANG_WARN_ENUM_CONVERSION = YES;
				CLANG_WARN_INFINITE_RECURSION = YES;
				CLANG_WARN_INT_CONVERSION = YES;
				CLANG_WARN_NON_LITERAL_NULL_CONVERSION = YES;
				CLANG_WARN_OBJC_IMPLICIT_RETAIN_SELF = YES;
				CLANG_WARN_OBJC_LITERAL_CONVERSION = YES;
				CLANG_WARN_OBJC_ROOT_CLASS = YES_ERROR;
				CLANG_WARN_QUOTED_INCLUDE_IN_FRAMEWORK_HEADER = YES;
				CLANG_WARN_RANGE_LOOP_ANALYSIS = YES;
				CLANG_WARN_STRICT_PROTOTYPES = YES;
				CLANG_WARN_SUSPICIOUS_MOVE = YES;
				CLANG_WARN_UNGUARDED_AVAILABILITY = YES_AGGRESSIVE;
				CLANG_WARN_UNREACHABLE_CODE = YES;
				CLANG_WARN__DUPLICATE_METHOD_MATCH = YES;
				COPY_PHASE_STRIP = NO;
				DEBUG_INFORMATION_FORMAT = dwarf;
				ENABLE_STRICT_OBJC_MSGSEND = YES;
				ENABLE_TESTABILITY = YES;
				GCC_C_LANGUAGE_STANDARD = gnu11;
				GCC_DYNAMIC_NO_PIC = NO;
				GCC_NO_COMMON_BLOCKS = YES;
				GCC_OPTIMIZATION_LEVEL = 0;
				GCC_PREPROCESSOR_DEFINITIONS = (
					"DEBUG=1",
					"$(inherited)",
				);
				GCC_WARN_64_TO_32_BIT_CONVERSION = YES;
				GCC_WARN_ABOUT_RETURN_TYPE = YES_ERROR;
				GCC_WARN_UNDECLARED_SELECTOR = YES;
				GCC_WARN_UNINITIALIZED_AUTOS = YES_AGGRESSIVE;
				GCC_WARN_UNUSED_FUNCTION = YES;
				GCC_WARN_UNUSED_VARIABLE = YES;
				IPHONEOS_DEPLOYMENT_TARGET = 16.2;
				MTL_ENABLE_DEBUG_INFO = INCLUDE_SOURCE;
				MTL_FAST_MATH = YES;
				ONLY_ACTIVE_ARCH = YES;
				SDKROOT = iphoneos;
				SWIFT_ACTIVE_COMPILATION_CONDITIONS = DEBUG;
				SWIFT_OPTIMIZATION_LEVEL = "-Onone";
			};
			name = Debug;
		};
		07DE46CE29A3BC3800E73E7F /* Release */ = {
			isa = XCBuildConfiguration;
			buildSettings = {
				ALWAYS_SEARCH_USER_PATHS = NO;
				CLANG_ANALYZER_NONNULL = YES;
				CLANG_ANALYZER_NUMBER_OBJECT_CONVERSION = YES_AGGRESSIVE;
				CLANG_CXX_LANGUAGE_STANDARD = "gnu++20";
				CLANG_ENABLE_MODULES = YES;
				CLANG_ENABLE_OBJC_ARC = YES;
				CLANG_ENABLE_OBJC_WEAK = YES;
				CLANG_WARN_BLOCK_CAPTURE_AUTORELEASING = YES;
				CLANG_WARN_BOOL_CONVERSION = YES;
				CLANG_WARN_COMMA = YES;
				CLANG_WARN_CONSTANT_CONVERSION = YES;
				CLANG_WARN_DEPRECATED_OBJC_IMPLEMENTATIONS = YES;
				CLANG_WARN_DIRECT_OBJC_ISA_USAGE = YES_ERROR;
				CLANG_WARN_DOCUMENTATION_COMMENTS = YES;
				CLANG_WARN_EMPTY_BODY = YES;
				CLANG_WARN_ENUM_CONVERSION = YES;
				CLANG_WARN_INFINITE_RECURSION = YES;
				CLANG_WARN_INT_CONVERSION = YES;
				CLANG_WARN_NON_LITERAL_NULL_CONVERSION = YES;
				CLANG_WARN_OBJC_IMPLICIT_RETAIN_SELF = YES;
				CLANG_WARN_OBJC_LITERAL_CONVERSION = YES;
				CLANG_WARN_OBJC_ROOT_CLASS = YES_ERROR;
				CLANG_WARN_QUOTED_INCLUDE_IN_FRAMEWORK_HEADER = YES;
				CLANG_WARN_RANGE_LOOP_ANALYSIS = YES;
				CLANG_WARN_STRICT_PROTOTYPES = YES;
				CLANG_WARN_SUSPICIOUS_MOVE = YES;
				CLANG_WARN_UNGUARDED_AVAILABILITY = YES_AGGRESSIVE;
				CLANG_WARN_UNREACHABLE_CODE = YES;
				CLANG_WARN__DUPLICATE_METHOD_MATCH = YES;
				COPY_PHASE_STRIP = NO;
				DEBUG_INFORMATION_FORMAT = "dwarf-with-dsym";
				ENABLE_NS_ASSERTIONS = NO;
				ENABLE_STRICT_OBJC_MSGSEND = YES;
				GCC_C_LANGUAGE_STANDARD = gnu11;
				GCC_NO_COMMON_BLOCKS = YES;
				GCC_WARN_64_TO_32_BIT_CONVERSION = YES;
				GCC_WARN_ABOUT_RETURN_TYPE = YES_ERROR;
				GCC_WARN_UNDECLARED_SELECTOR = YES;
				GCC_WARN_UNINITIALIZED_AUTOS = YES_AGGRESSIVE;
				GCC_WARN_UNUSED_FUNCTION = YES;
				GCC_WARN_UNUSED_VARIABLE = YES;
				IPHONEOS_DEPLOYMENT_TARGET = 16.2;
				MTL_ENABLE_DEBUG_INFO = NO;
				MTL_FAST_MATH = YES;
				SDKROOT = iphoneos;
				SWIFT_COMPILATION_MODE = wholemodule;
				SWIFT_OPTIMIZATION_LEVEL = "-O";
				VALIDATE_PRODUCT = YES;
			};
			name = Release;
		};
		07DE46D029A3BC3800E73E7F /* Debug */ = {
			isa = XCBuildConfiguration;
			buildSettings = {
				ASSETCATALOG_COMPILER_APPICON_NAME = AppIcon;
				ASSETCATALOG_COMPILER_GLOBAL_ACCENT_COLOR_NAME = AccentColor;
				CODE_SIGN_STYLE = Automatic;
				CURRENT_PROJECT_VERSION = 1;
				GENERATE_INFOPLIST_FILE = YES;
				INFOPLIST_FILE = "movie-app/Info.plist";
				INFOPLIST_KEY_UIApplicationSupportsIndirectInputEvents = YES;
				INFOPLIST_KEY_UILaunchStoryboardName = LaunchScreen;
				INFOPLIST_KEY_UIMainStoryboardFile = Main;
				INFOPLIST_KEY_UISupportedInterfaceOrientations_iPad = "UIInterfaceOrientationPortrait UIInterfaceOrientationPortraitUpsideDown UIInterfaceOrientationLandscapeLeft UIInterfaceOrientationLandscapeRight";
				INFOPLIST_KEY_UISupportedInterfaceOrientations_iPhone = "UIInterfaceOrientationPortrait UIInterfaceOrientationLandscapeLeft UIInterfaceOrientationLandscapeRight";
				IPHONEOS_DEPLOYMENT_TARGET = 15.0;
				LD_RUNPATH_SEARCH_PATHS = (
					"$(inherited)",
					"@executable_path/Frameworks",
				);
				MARKETING_VERSION = 1.0;
				PRODUCT_BUNDLE_IDENTIFIER = "tuandq.nws.movie-app";
				PRODUCT_NAME = "$(TARGET_NAME)";
				SWIFT_EMIT_LOC_STRINGS = YES;
				SWIFT_VERSION = 5.0;
				TARGETED_DEVICE_FAMILY = "1,2";
			};
			name = Debug;
		};
		07DE46D129A3BC3800E73E7F /* Release */ = {
			isa = XCBuildConfiguration;
			buildSettings = {
				ASSETCATALOG_COMPILER_APPICON_NAME = AppIcon;
				ASSETCATALOG_COMPILER_GLOBAL_ACCENT_COLOR_NAME = AccentColor;
				CODE_SIGN_STYLE = Automatic;
				CURRENT_PROJECT_VERSION = 1;
				GENERATE_INFOPLIST_FILE = YES;
				INFOPLIST_FILE = "movie-app/Info.plist";
				INFOPLIST_KEY_UIApplicationSupportsIndirectInputEvents = YES;
				INFOPLIST_KEY_UILaunchStoryboardName = LaunchScreen;
				INFOPLIST_KEY_UIMainStoryboardFile = Main;
				INFOPLIST_KEY_UISupportedInterfaceOrientations_iPad = "UIInterfaceOrientationPortrait UIInterfaceOrientationPortraitUpsideDown UIInterfaceOrientationLandscapeLeft UIInterfaceOrientationLandscapeRight";
				INFOPLIST_KEY_UISupportedInterfaceOrientations_iPhone = "UIInterfaceOrientationPortrait UIInterfaceOrientationLandscapeLeft UIInterfaceOrientationLandscapeRight";
				IPHONEOS_DEPLOYMENT_TARGET = 15.0;
				LD_RUNPATH_SEARCH_PATHS = (
					"$(inherited)",
					"@executable_path/Frameworks",
				);
				MARKETING_VERSION = 1.0;
				PRODUCT_BUNDLE_IDENTIFIER = "tuandq.nws.movie-app";
				PRODUCT_NAME = "$(TARGET_NAME)";
				SWIFT_EMIT_LOC_STRINGS = YES;
				SWIFT_VERSION = 5.0;
				TARGETED_DEVICE_FAMILY = "1,2";
			};
			name = Release;
		};
		07DE46D329A3BC3800E73E7F /* Debug */ = {
			isa = XCBuildConfiguration;
			buildSettings = {
				ALWAYS_EMBED_SWIFT_STANDARD_LIBRARIES = YES;
				BUNDLE_LOADER = "$(TEST_HOST)";
				CODE_SIGN_STYLE = Automatic;
				CURRENT_PROJECT_VERSION = 1;
				GENERATE_INFOPLIST_FILE = YES;
				IPHONEOS_DEPLOYMENT_TARGET = 16.2;
				MARKETING_VERSION = 1.0;
				PRODUCT_BUNDLE_IDENTIFIER = "tuandq.nws.movie-appTests";
				PRODUCT_NAME = "$(TARGET_NAME)";
				SWIFT_EMIT_LOC_STRINGS = NO;
				SWIFT_VERSION = 5.0;
				TARGETED_DEVICE_FAMILY = "1,2";
				TEST_HOST = "$(BUILT_PRODUCTS_DIR)/movie-app.app/$(BUNDLE_EXECUTABLE_FOLDER_PATH)/movie-app";
			};
			name = Debug;
		};
		07DE46D429A3BC3800E73E7F /* Release */ = {
			isa = XCBuildConfiguration;
			buildSettings = {
				ALWAYS_EMBED_SWIFT_STANDARD_LIBRARIES = YES;
				BUNDLE_LOADER = "$(TEST_HOST)";
				CODE_SIGN_STYLE = Automatic;
				CURRENT_PROJECT_VERSION = 1;
				GENERATE_INFOPLIST_FILE = YES;
				IPHONEOS_DEPLOYMENT_TARGET = 16.2;
				MARKETING_VERSION = 1.0;
				PRODUCT_BUNDLE_IDENTIFIER = "tuandq.nws.movie-appTests";
				PRODUCT_NAME = "$(TARGET_NAME)";
				SWIFT_EMIT_LOC_STRINGS = NO;
				SWIFT_VERSION = 5.0;
				TARGETED_DEVICE_FAMILY = "1,2";
				TEST_HOST = "$(BUILT_PRODUCTS_DIR)/movie-app.app/$(BUNDLE_EXECUTABLE_FOLDER_PATH)/movie-app";
			};
			name = Release;
		};
		07DE46D629A3BC3800E73E7F /* Debug */ = {
			isa = XCBuildConfiguration;
			buildSettings = {
				ALWAYS_EMBED_SWIFT_STANDARD_LIBRARIES = YES;
				CODE_SIGN_STYLE = Automatic;
				CURRENT_PROJECT_VERSION = 1;
				GENERATE_INFOPLIST_FILE = YES;
				MARKETING_VERSION = 1.0;
				PRODUCT_BUNDLE_IDENTIFIER = "tuandq.nws.movie-appUITests";
				PRODUCT_NAME = "$(TARGET_NAME)";
				SWIFT_EMIT_LOC_STRINGS = NO;
				SWIFT_VERSION = 5.0;
				TARGETED_DEVICE_FAMILY = "1,2";
				TEST_TARGET_NAME = "movie-app";
			};
			name = Debug;
		};
		07DE46D729A3BC3800E73E7F /* Release */ = {
			isa = XCBuildConfiguration;
			buildSettings = {
				ALWAYS_EMBED_SWIFT_STANDARD_LIBRARIES = YES;
				CODE_SIGN_STYLE = Automatic;
				CURRENT_PROJECT_VERSION = 1;
				GENERATE_INFOPLIST_FILE = YES;
				MARKETING_VERSION = 1.0;
				PRODUCT_BUNDLE_IDENTIFIER = "tuandq.nws.movie-appUITests";
				PRODUCT_NAME = "$(TARGET_NAME)";
				SWIFT_EMIT_LOC_STRINGS = NO;
				SWIFT_VERSION = 5.0;
				TARGETED_DEVICE_FAMILY = "1,2";
				TEST_TARGET_NAME = "movie-app";
			};
			name = Release;
		};
/* End XCBuildConfiguration section */

/* Begin XCConfigurationList section */
		07DE46A029A3BC3600E73E7F /* Build configuration list for PBXProject "movie-app" */ = {
			isa = XCConfigurationList;
			buildConfigurations = (
				07DE46CD29A3BC3800E73E7F /* Debug */,
				07DE46CE29A3BC3800E73E7F /* Release */,
			);
			defaultConfigurationIsVisible = 0;
			defaultConfigurationName = Release;
		};
		07DE46CF29A3BC3800E73E7F /* Build configuration list for PBXNativeTarget "movie-app" */ = {
			isa = XCConfigurationList;
			buildConfigurations = (
				07DE46D029A3BC3800E73E7F /* Debug */,
				07DE46D129A3BC3800E73E7F /* Release */,
			);
			defaultConfigurationIsVisible = 0;
			defaultConfigurationName = Release;
		};
		07DE46D229A3BC3800E73E7F /* Build configuration list for PBXNativeTarget "movie-appTests" */ = {
			isa = XCConfigurationList;
			buildConfigurations = (
				07DE46D329A3BC3800E73E7F /* Debug */,
				07DE46D429A3BC3800E73E7F /* Release */,
			);
			defaultConfigurationIsVisible = 0;
			defaultConfigurationName = Release;
		};
		07DE46D529A3BC3800E73E7F /* Build configuration list for PBXNativeTarget "movie-appUITests" */ = {
			isa = XCConfigurationList;
			buildConfigurations = (
				07DE46D629A3BC3800E73E7F /* Debug */,
				07DE46D729A3BC3800E73E7F /* Release */,
			);
			defaultConfigurationIsVisible = 0;
			defaultConfigurationName = Release;
		};
/* End XCConfigurationList section */
	};
	rootObject = 07DE469D29A3BC3600E73E7F /* Project object */;
}
